
Microsoft Visual Studio Solution File, Format Version 12.00
# Visual Studio Version 17
VisualStudioVersion = 17.11.35327.3
MinimumVisualStudioVersion = 10.0.40219.1
Project("{FAE04EC0-301F-11D3-BF4B-00C04F79EFBC}") = "EcommerceAPI", "EcommerceAPI\EcommerceAPI.csproj", "{286A839C-2E41-40E0-BA8B-4ADE3A9F2C55}"
EndProject
Global
	GlobalSection(SolutionConfigurationPlatforms) = preSolution
		Debug|Any CPU = Debug|Any CPU
		Release|Any CPU = Release|Any CPU
	EndGlobalSection
	GlobalSection(ProjectConfigurationPlatforms) = postSolution
		{286A839C-2E41-40E0-BA8B-4ADE3A9F2C55}.Debug|Any CPU.ActiveCfg = Debug|Any CPU
		{286A839C-2E41-40E0-BA8B-4ADE3A9F2C55}.Debug|Any CPU.Build.0 = Debug|Any CPU
		{286A839C-2E41-40E0-BA8B-4ADE3A9F2C55}.Release|Any CPU.ActiveCfg = Release|Any CPU
		{286A839C-2E41-40E0-BA8B-4ADE3A9F2C55}.Release|Any CPU.Build.0 = Release|Any CPU
	EndGlobalSection
	GlobalSection(SolutionProperties) = preSolution
		HideSolutionNode = FALSE
	EndGlobalSection
	GlobalSection(ExtensibilityGlobals) = postSolution
		SolutionGuid = {B4692C7D-2967-4CB7-BCCC-508852F96C46}
	EndGlobalSection
EndGlobal
